
Microsoft Visual Studio Solution File, Format Version 12.00
# Visual Studio Version 17
VisualStudioVersion = 17.6.33815.320
MinimumVisualStudioVersion = 10.0.40219.1
Project("{FAE04EC0-301F-11D3-BF4B-00C04F79EFBC}") = "samost", "samost\samost.csproj", "{46F47FD6-DE9F-4ADC-B2A8-C0FE6C77CC1C}"
EndProject
Global
	GlobalSection(SolutionConfigurationPlatforms) = preSolution
		Debug|Any CPU = Debug|Any CPU
		Release|Any CPU = Release|Any CPU
	EndGlobalSection
	GlobalSection(ProjectConfigurationPlatforms) = postSolution
		{46F47FD6-DE9F-4ADC-B2A8-C0FE6C77CC1C}.Debug|Any CPU.ActiveCfg = Debug|Any CPU
		{46F47FD6-DE9F-4ADC-B2A8-C0FE6C77CC1C}.Debug|Any CPU.Build.0 = Debug|Any CPU
		{46F47FD6-DE9F-4ADC-B2A8-C0FE6C77CC1C}.Release|Any CPU.ActiveCfg = Release|Any CPU
		{46F47FD6-DE9F-4ADC-B2A8-C0FE6C77CC1C}.Release|Any CPU.Build.0 = Release|Any CPU
	EndGlobalSection
	GlobalSection(SolutionProperties) = preSolution
		HideSolutionNode = FALSE
	EndGlobalSection
	GlobalSection(ExtensibilityGlobals) = postSolution
		SolutionGuid = {2EEAB7D9-EC90-4B08-B6D4-5BC266D0B8B5}
	EndGlobalSection
EndGlobal
